{
    "_meta": {
        "hash": {
            "sha256": "ed17f5e70774d96b30b5e0fa4f7042c6a97e6da924575fc254c0299f2afc1443"
        },
        "pipfile-spec": 6,
        "requires": {
            "python_version": "3.6"
        },
        "sources": [
            {
                "name": "pypi",
                "url": "https://pypi.python.org/simple",
                "verify_ssl": true
            }
        ]
    },
    "default": {
        "bpylist": {
            "hashes": [
                "sha256:ac065c9f7b804a201999ebbc31b02df18e0fc29e03bcb1eac3e63696599b88ce"
            ],
            "index": "pypi",
            "version": "==0.1.4"
        },
        "click": {
            "hashes": [
                "sha256:29f99fc6125fbc931b758dc053b3114e55c77a6e4c6c3a2674a2dc986016381d",
                "sha256:f15516df478d5a56180fbf80e68f206010e6d160fc39fa508b65e035fd75130b"
            ],
            "index": "pypi",
            "version": "==6.7"
        },
        "pycrypto": {
            "hashes": [
                "sha256:f2ce1e989b272cfcb677616763e0a2e7ec659effa67a88aa92b3a65528f60a3c"
            ],
            "index": "pypi",
            "version": "==2.6.1"
        },
        "pypng": {
            "hashes": [
                "sha256:1032833440c91bafee38a42c38c02d00431b24c42927feb3e63b104d8550170b"
            ],
            "index": "pypi",
            "version": "==0.0.20"
        },
        "pyqrcode": {
            "hashes": [
                "sha256:1b2812775fa6ff5c527977c4cd2ccb07051ca7d0bc0aecf937a43864abe5eff6",
                "sha256:fdbf7634733e56b72e27f9bce46e4550b75a3a2c420414035cae9d9d26b234d5"
            ],
            "index": "pypi",
            "version": "==1.2.1"
        },
        "rncryptor": {
            "hashes": [
                "sha256:156253246f3e3521e5080191e9b4ec100e162d07c261a9df86169f8943bcc7a3",
                "sha256:a3b521d22953bffc4f125faf53f4c9c2a41c8186e0b0e331314abe455be92c48"
            ],
            "index": "pypi",
            "version": "==3.2.0"
        }
    },
    "develop": {}
}
